
Microsoft Visual Studio Solution File, Format Version 12.00
# Visual Studio Version 17
VisualStudioVersion = 17.0.31903.59
MinimumVisualStudioVersion = 10.0.40219.1
Project("{FAE04EC0-301F-11D3-BF4B-00C04F79EFBC}") = "Lox", "Lox\Lox.csproj", "{15C70C63-65CB-42C7-A835-44DC0636097A}"
EndProject
Project("{FAE04EC0-301F-11D3-BF4B-00C04F79EFBC}") = "ASTGen", "ASTGen\ASTGen.csproj", "{3E8CCC5B-F027-4A83-83CA-FB5E8E8DF2C0}"
EndProject
Global
	GlobalSection(SolutionConfigurationPlatforms) = preSolution
		Debug|Any CPU = Debug|Any CPU
		Release|Any CPU = Release|Any CPU
	EndGlobalSection
	GlobalSection(SolutionProperties) = preSolution
		HideSolutionNode = FALSE
	EndGlobalSection
	GlobalSection(ProjectConfigurationPlatforms) = postSolution
		{15C70C63-65CB-42C7-A835-44DC0636097A}.Debug|Any CPU.ActiveCfg = Debug|Any CPU
		{15C70C63-65CB-42C7-A835-44DC0636097A}.Debug|Any CPU.Build.0 = Debug|Any CPU
		{15C70C63-65CB-42C7-A835-44DC0636097A}.Release|Any CPU.ActiveCfg = Release|Any CPU
		{15C70C63-65CB-42C7-A835-44DC0636097A}.Release|Any CPU.Build.0 = Release|Any CPU
		{3E8CCC5B-F027-4A83-83CA-FB5E8E8DF2C0}.Debug|Any CPU.ActiveCfg = Debug|Any CPU
		{3E8CCC5B-F027-4A83-83CA-FB5E8E8DF2C0}.Debug|Any CPU.Build.0 = Debug|Any CPU
		{3E8CCC5B-F027-4A83-83CA-FB5E8E8DF2C0}.Release|Any CPU.ActiveCfg = Release|Any CPU
		{3E8CCC5B-F027-4A83-83CA-FB5E8E8DF2C0}.Release|Any CPU.Build.0 = Release|Any CPU
	EndGlobalSection
EndGlobal
